
Microsoft Visual Studio Solution File, Format Version 12.00
# Visual Studio Version 16
VisualStudioVersion = 16.0.31019.35
MinimumVisualStudioVersion = 10.0.40219.1
Project("{9A19103F-16F7-4668-BE54-9A1E7A4F7556}") = "CSVServiceLibrary", "CSVServiceLibrary\CSVServiceLibrary.csproj", "{560F056C-64E4-4678-B4FE-348CBF6DA36D}"
EndProject
Project("{FAE04EC0-301F-11D3-BF4B-00C04F79EFBC}") = "HowToUse", "HowToUse\HowToUse.csproj", "{89C396AF-8727-453F-A98C-6C63C2099CFD}"
EndProject
Global
	GlobalSection(SolutionConfigurationPlatforms) = preSolution
		Debug|Any CPU = Debug|Any CPU
		Release|Any CPU = Release|Any CPU
	EndGlobalSection
	GlobalSection(ProjectConfigurationPlatforms) = postSolution
		{560F056C-64E4-4678-B4FE-348CBF6DA36D}.Debug|Any CPU.ActiveCfg = Debug|Any CPU
		{560F056C-64E4-4678-B4FE-348CBF6DA36D}.Debug|Any CPU.Build.0 = Debug|Any CPU
		{560F056C-64E4-4678-B4FE-348CBF6DA36D}.Release|Any CPU.ActiveCfg = Release|Any CPU
		{560F056C-64E4-4678-B4FE-348CBF6DA36D}.Release|Any CPU.Build.0 = Release|Any CPU
		{89C396AF-8727-453F-A98C-6C63C2099CFD}.Debug|Any CPU.ActiveCfg = Debug|Any CPU
		{89C396AF-8727-453F-A98C-6C63C2099CFD}.Debug|Any CPU.Build.0 = Debug|Any CPU
		{89C396AF-8727-453F-A98C-6C63C2099CFD}.Release|Any CPU.ActiveCfg = Release|Any CPU
		{89C396AF-8727-453F-A98C-6C63C2099CFD}.Release|Any CPU.Build.0 = Release|Any CPU
	EndGlobalSection
	GlobalSection(SolutionProperties) = preSolution
		HideSolutionNode = FALSE
	EndGlobalSection
	GlobalSection(ExtensibilityGlobals) = postSolution
		SolutionGuid = {95F6AB21-7E51-4CF3-98B4-D3411B828307}
	EndGlobalSection
EndGlobal
